Microsoft Visual Studio Solution File, Format Version 12.00
# Visual Studio 15
VisualStudioVersion = 15.0.27004.2005
MinimumVisualStudioVersion = 15.0.26124.0
Project("{9A19103F-16F7-4668-BE54-9A1E7A4F7556}") = "TinyAggregate", "TinyAggregate\TinyAggregate.csproj", "{A2F8CCB4-2101-4077-B2BA-CA93C804726B}"
EndProject
Project("{9A19103F-16F7-4668-BE54-9A1E7A4F7556}") = "TinyAggregate.UnitTests", "TinyAggregate.UnitTests\TinyAggregate.UnitTests.csproj", "{CD7DB445-BFDF-45E6-9E2E-9BE5CE23A1B9}"
EndProject
Project("{2150E333-8FDC-42A3-9474-1A3956D46DE8}") = "Solution Items", "Solution Items", "{67ADB071-4BDF-4F4C-8FE1-F9D358262E1D}"
	ProjectSection(SolutionItems) = preProject
		README.md = README.md
	EndProjectSection
EndProject
Global
	GlobalSection(SolutionConfigurationPlatforms) = preSolution
		Debug|Any CPU = Debug|Any CPU
		Release|Any CPU = Release|Any CPU
	EndGlobalSection
	GlobalSection(ProjectConfigurationPlatforms) = postSolution
		{A2F8CCB4-2101-4077-B2BA-CA93C804726B}.Debug|Any CPU.ActiveCfg = Debug|Any CPU
		{A2F8CCB4-2101-4077-B2BA-CA93C804726B}.Debug|Any CPU.Build.0 = Debug|Any CPU
		{A2F8CCB4-2101-4077-B2BA-CA93C804726B}.Release|Any CPU.ActiveCfg = Release|Any CPU
		{A2F8CCB4-2101-4077-B2BA-CA93C804726B}.Release|Any CPU.Build.0 = Release|Any CPU
		{CD7DB445-BFDF-45E6-9E2E-9BE5CE23A1B9}.Debug|Any CPU.ActiveCfg = Debug|Any CPU
		{CD7DB445-BFDF-45E6-9E2E-9BE5CE23A1B9}.Debug|Any CPU.Build.0 = Debug|Any CPU
		{CD7DB445-BFDF-45E6-9E2E-9BE5CE23A1B9}.Release|Any CPU.ActiveCfg = Release|Any CPU
		{CD7DB445-BFDF-45E6-9E2E-9BE5CE23A1B9}.Release|Any CPU.Build.0 = Release|Any CPU
	EndGlobalSection
	GlobalSection(SolutionProperties) = preSolution
		HideSolutionNode = FALSE
	EndGlobalSection
	GlobalSection(ExtensibilityGlobals) = postSolution
		SolutionGuid = {BAE474EB-DDB4-42A7-ACDD-C7AACFD878AC}
	EndGlobalSection
EndGlobal
